
Microsoft Visual Studio Solution File, Format Version 12.00
# Visual Studio 15
VisualStudioVersion = 15.0.28307.168
MinimumVisualStudioVersion = 10.0.40219.1
Project("{FAE04EC0-301F-11D3-BF4B-00C04F79EFBC}") = "GB_CSharp_lvl_1.1-1_profile", "GB_CSharp_lvl_1.1\GB_CSharp_lvl_1.1-1_profile.csproj", "{FEEAD32A-C4FD-4CD2-80F5-14081E137622}"
EndProject
Project("{FAE04EC0-301F-11D3-BF4B-00C04F79EFBC}") = "distanceBetweenPoints", "distanceBetweenPoints\distanceBetweenPoints.csproj", "{C0483591-BBBF-44E3-8DD0-09D92D705235}"
EndProject
Project("{FAE04EC0-301F-11D3-BF4B-00C04F79EFBC}") = "valueExchange", "valueExchange\valueExchange.csproj", "{1AE16137-AD12-4B33-975E-71213AB9B3F1}"
EndProject
Project("{FAE04EC0-301F-11D3-BF4B-00C04F79EFBC}") = "myProfile", "myProfile\myProfile.csproj", "{4FBD1267-CA01-49DA-842A-E4345A6DC936}"
EndProject
Global
	GlobalSection(SolutionConfigurationPlatforms) = preSolution
		Debug|Any CPU = Debug|Any CPU
		Release|Any CPU = Release|Any CPU
	EndGlobalSection
	GlobalSection(ProjectConfigurationPlatforms) = postSolution
		{FEEAD32A-C4FD-4CD2-80F5-14081E137622}.Debug|Any CPU.ActiveCfg = Debug|Any CPU
		{FEEAD32A-C4FD-4CD2-80F5-14081E137622}.Debug|Any CPU.Build.0 = Debug|Any CPU
		{FEEAD32A-C4FD-4CD2-80F5-14081E137622}.Release|Any CPU.ActiveCfg = Release|Any CPU
		{FEEAD32A-C4FD-4CD2-80F5-14081E137622}.Release|Any CPU.Build.0 = Release|Any CPU
		{C0483591-BBBF-44E3-8DD0-09D92D705235}.Debug|Any CPU.ActiveCfg = Debug|Any CPU
		{C0483591-BBBF-44E3-8DD0-09D92D705235}.Debug|Any CPU.Build.0 = Debug|Any CPU
		{C0483591-BBBF-44E3-8DD0-09D92D705235}.Release|Any CPU.ActiveCfg = Release|Any CPU
		{C0483591-BBBF-44E3-8DD0-09D92D705235}.Release|Any CPU.Build.0 = Release|Any CPU
		{1AE16137-AD12-4B33-975E-71213AB9B3F1}.Debug|Any CPU.ActiveCfg = Debug|Any CPU
		{1AE16137-AD12-4B33-975E-71213AB9B3F1}.Debug|Any CPU.Build.0 = Debug|Any CPU
		{1AE16137-AD12-4B33-975E-71213AB9B3F1}.Release|Any CPU.ActiveCfg = Release|Any CPU
		{1AE16137-AD12-4B33-975E-71213AB9B3F1}.Release|Any CPU.Build.0 = Release|Any CPU
		{4FBD1267-CA01-49DA-842A-E4345A6DC936}.Debug|Any CPU.ActiveCfg = Debug|Any CPU
		{4FBD1267-CA01-49DA-842A-E4345A6DC936}.Debug|Any CPU.Build.0 = Debug|Any CPU
		{4FBD1267-CA01-49DA-842A-E4345A6DC936}.Release|Any CPU.ActiveCfg = Release|Any CPU
		{4FBD1267-CA01-49DA-842A-E4345A6DC936}.Release|Any CPU.Build.0 = Release|Any CPU
	EndGlobalSection
	GlobalSection(SolutionProperties) = preSolution
		HideSolutionNode = FALSE
	EndGlobalSection
	GlobalSection(ExtensibilityGlobals) = postSolution
		SolutionGuid = {67C27E4F-0C3F-465E-B0FF-76FAFED9548A}
	EndGlobalSection
EndGlobal
